
Microsoft Visual Studio Solution File, Format Version 12.00
# Visual Studio Version 16
VisualStudioVersion = 16.0.31702.278
MinimumVisualStudioVersion = 10.0.40219.1
Project("{9A19103F-16F7-4668-BE54-9A1E7A4F7556}") = "Entities", "Entities\Entities.csproj", "{12B0AF50-7985-45E7-AF83-01B8583595CD}"
EndProject
Project("{9A19103F-16F7-4668-BE54-9A1E7A4F7556}") = "DataAccess", "DataAccess\DataAccess.csproj", "{10DC11F1-5FD0-4F9E-BBE2-724FCDAD9F55}"
EndProject
Project("{9A19103F-16F7-4668-BE54-9A1E7A4F7556}") = "Business", "Business\Business.csproj", "{CC30B346-8576-4C5A-B5A5-9C08DC19207F}"
EndProject
Project("{FAE04EC0-301F-11D3-BF4B-00C04F79EFBC}") = "consoleUI1", "consoleUI1\consoleUI1.csproj", "{08076A94-205C-4307-9E61-7ACDEB356424}"
EndProject
Global
	GlobalSection(SolutionConfigurationPlatforms) = preSolution
		Debug|Any CPU = Debug|Any CPU
		Release|Any CPU = Release|Any CPU
	EndGlobalSection
	GlobalSection(ProjectConfigurationPlatforms) = postSolution
		{12B0AF50-7985-45E7-AF83-01B8583595CD}.Debug|Any CPU.ActiveCfg = Debug|Any CPU
		{12B0AF50-7985-45E7-AF83-01B8583595CD}.Debug|Any CPU.Build.0 = Debug|Any CPU
		{12B0AF50-7985-45E7-AF83-01B8583595CD}.Release|Any CPU.ActiveCfg = Release|Any CPU
		{12B0AF50-7985-45E7-AF83-01B8583595CD}.Release|Any CPU.Build.0 = Release|Any CPU
		{10DC11F1-5FD0-4F9E-BBE2-724FCDAD9F55}.Debug|Any CPU.ActiveCfg = Debug|Any CPU
		{10DC11F1-5FD0-4F9E-BBE2-724FCDAD9F55}.Debug|Any CPU.Build.0 = Debug|Any CPU
		{10DC11F1-5FD0-4F9E-BBE2-724FCDAD9F55}.Release|Any CPU.ActiveCfg = Release|Any CPU
		{10DC11F1-5FD0-4F9E-BBE2-724FCDAD9F55}.Release|Any CPU.Build.0 = Release|Any CPU
		{CC30B346-8576-4C5A-B5A5-9C08DC19207F}.Debug|Any CPU.ActiveCfg = Debug|Any CPU
		{CC30B346-8576-4C5A-B5A5-9C08DC19207F}.Debug|Any CPU.Build.0 = Debug|Any CPU
		{CC30B346-8576-4C5A-B5A5-9C08DC19207F}.Release|Any CPU.ActiveCfg = Release|Any CPU
		{CC30B346-8576-4C5A-B5A5-9C08DC19207F}.Release|Any CPU.Build.0 = Release|Any CPU
		{08076A94-205C-4307-9E61-7ACDEB356424}.Debug|Any CPU.ActiveCfg = Debug|Any CPU
		{08076A94-205C-4307-9E61-7ACDEB356424}.Debug|Any CPU.Build.0 = Debug|Any CPU
		{08076A94-205C-4307-9E61-7ACDEB356424}.Release|Any CPU.ActiveCfg = Release|Any CPU
		{08076A94-205C-4307-9E61-7ACDEB356424}.Release|Any CPU.Build.0 = Release|Any CPU
	EndGlobalSection
	GlobalSection(SolutionProperties) = preSolution
		HideSolutionNode = FALSE
	EndGlobalSection
	GlobalSection(ExtensibilityGlobals) = postSolution
		SolutionGuid = {4AF1D30F-058A-4052-BE45-553FF2DB95FF}
	EndGlobalSection
EndGlobal
